// !$*UTF8*$!
{
	archiveVersion = 1;
	classes = {
	};
	objectVersion = 50;
	objects = {

/* Begin PBXBuildFile section */
		833294262549E26E005AFD45 /* GitDisRepoApp.swift in Sources */ = {isa = PBXBuildFile; fileRef = 833294132549E26D005AFD45 /* GitDisRepoApp.swift */; };
		833294272549E26E005AFD45 /* GitDisRepoApp.swift in Sources */ = {isa = PBXBuildFile; fileRef = 833294132549E26D005AFD45 /* GitDisRepoApp.swift */; };
		833294282549E26E005AFD45 /* ContentView.swift in Sources */ = {isa = PBXBuildFile; fileRef = 833294142549E26D005AFD45 /* ContentView.swift */; };
		833294292549E26E005AFD45 /* ContentView.swift in Sources */ = {isa = PBXBuildFile; fileRef = 833294142549E26D005AFD45 /* ContentView.swift */; };
		8332942A2549E26E005AFD45 /* Assets.xcassets in Resources */ = {isa = PBXBuildFile; fileRef = 833294152549E26E005AFD45 /* Assets.xcassets */; };
		8332942B2549E26E005AFD45 /* Assets.xcassets in Resources */ = {isa = PBXBuildFile; fileRef = 833294152549E26E005AFD45 /* Assets.xcassets */; };
/* End PBXBuildFile section */

/* Begin PBXFileReference section */
		833294132549E26D005AFD45 /* GitDisRepoApp.swift */ = {isa = PBXFileReference; lastKnownFileType = sourcecode.swift; path = GitDisRepoApp.swift; sourceTree = "<group>"; };
		833294142549E26D005AFD45 /* ContentView.swift */ = {isa = PBXFileReference; lastKnownFileType = sourcecode.swift; path = ContentView.swift; sourceTree = "<group>"; };
		833294152549E26E005AFD45 /* Assets.xcassets */ = {isa = PBXFileReference; lastKnownFileType = folder.assetcatalog; path = Assets.xcassets; sourceTree = "<group>"; };
		8332941A2549E26E005AFD45 /* GitDisRepo.app */ = {isa = PBXFileReference; explicitFileType = wrapper.application; includeInIndex = 0; path = GitDisRepo.app; sourceTree = BUILT_PRODUCTS_DIR; };
		8332941D2549E26E005AFD45 /* Info.plist */ = {isa = PBXFileReference; lastKnownFileType = text.plist.xml; path = Info.plist; sourceTree = "<group>"; };
		833294222549E26E005AFD45 /* GitDisRepo.app */ = {isa = PBXFileReference; explicitFileType = wrapper.application; includeInIndex = 0; path = GitDisRepo.app; sourceTree = BUILT_PRODUCTS_DIR; };
		833294242549E26E005AFD45 /* Info.plist */ = {isa = PBXFileReference; lastKnownFileType = text.plist.xml; path = Info.plist; sourceTree = "<group>"; };
		833294252549E26E005AFD45 /* macOS.entitlements */ = {isa = PBXFileReference; lastKnownFileType = text.plist.entitlements; path = macOS.entitlements; sourceTree = "<group>"; };
/* End PBXFileReference section */

/* Begin PBXFrameworksBuildPhase section */
		833294172549E26E005AFD45 /* Frameworks */ = {
			isa = PBXFrameworksBuildPhase;
			buildActionMask = 2147483647;
			files = (
			);
			runOnlyForDeploymentPostprocessing = 0;
		};
		8332941F2549E26E005AFD45 /* Frameworks */ = {
			isa = PBXFrameworksBuildPhase;
			buildActionMask = 2147483647;
			files = (
			);
			runOnlyForDeploymentPostprocessing = 0;
		};
/* End PBXFrameworksBuildPhase section */

/* Begin PBXGroup section */
		8332940D2549E26D005AFD45 = {
			isa = PBXGroup;
			children = (
				833294122549E26D005AFD45 /* Shared */,
				8332941C2549E26E005AFD45 /* iOS */,
				833294232549E26E005AFD45 /* macOS */,
				8332941B2549E26E005AFD45 /* Products */,
			);
			sourceTree = "<group>";
		};
		833294122549E26D005AFD45 /* Shared */ = {
			isa = PBXGroup;
			children = (
				833294132549E26D005AFD45 /* GitDisRepoApp.swift */,
				833294142549E26D005AFD45 /* ContentView.swift */,
				833294152549E26E005AFD45 /* Assets.xcassets */,
			);
			path = Shared;
			sourceTree = "<group>";
		};
		8332941B2549E26E005AFD45 /* Products */ = {
			isa = PBXGroup;
			children = (
				8332941A2549E26E005AFD45 /* GitDisRepo.app */,
				833294222549E26E005AFD45 /* GitDisRepo.app */,
			);
			name = Products;
			sourceTree = "<group>";
		};
		8332941C2549E26E005AFD45 /* iOS */ = {
			isa = PBXGroup;
			children = (
				8332941D2549E26E005AFD45 /* Info.plist */,
			);
			path = iOS;
			sourceTree = "<group>";
		};
		833294232549E26E005AFD45 /* macOS */ = {
			isa = PBXGroup;
			children = (
				833294242549E26E005AFD45 /* Info.plist */,
				833294252549E26E005AFD45 /* macOS.entitlements */,
			);
			path = macOS;
			sourceTree = "<group>";
		};
/* End PBXGroup section */

/* Begin PBXNativeTarget section */
		833294192549E26E005AFD45 /* GitDisRepo (iOS) */ = {
			isa = PBXNativeTarget;
			buildConfigurationList = 8332942E2549E26E005AFD45 /* Build configuration list for PBXNativeTarget "GitDisRepo (iOS)" */;
			buildPhases = (
				833294162549E26E005AFD45 /* Sources */,
				833294172549E26E005AFD45 /* Frameworks */,
				833294182549E26E005AFD45 /* Resources */,
			);
			buildRules = (
			);
			dependencies = (
			);
			name = "GitDisRepo (iOS)";
			productName = "GitDisRepo (iOS)";
			productReference = 8332941A2549E26E005AFD45 /* GitDisRepo.app */;
			productType = "com.apple.product-type.application";
		};
		833294212549E26E005AFD45 /* GitDisRepo (macOS) */ = {
			isa = PBXNativeTarget;
			buildConfigurationList = 833294312549E26E005AFD45 /* Build configuration list for PBXNativeTarget "GitDisRepo (macOS)" */;
			buildPhases = (
				8332941E2549E26E005AFD45 /* Sources */,
				8332941F2549E26E005AFD45 /* Frameworks */,
				833294202549E26E005AFD45 /* Resources */,
			);
			buildRules = (
			);
			dependencies = (
			);
			name = "GitDisRepo (macOS)";
			productName = "GitDisRepo (macOS)";
			productReference = 833294222549E26E005AFD45 /* GitDisRepo.app */;
			productType = "com.apple.product-type.application";
		};
/* End PBXNativeTarget section */

/* Begin PBXProject section */
		8332940E2549E26D005AFD45 /* Project object */ = {
			isa = PBXProject;
			attributes = {
				LastSwiftUpdateCheck = 1220;
				LastUpgradeCheck = 1220;
				TargetAttributes = {
					833294192549E26E005AFD45 = {
						CreatedOnToolsVersion = 12.2;
					};
					833294212549E26E005AFD45 = {
						CreatedOnToolsVersion = 12.2;
					};
				};
			};
			buildConfigurationList = 833294112549E26D005AFD45 /* Build configuration list for PBXProject "GitDisRepo" */;
			compatibilityVersion = "Xcode 9.3";
			developmentRegion = en;
			hasScannedForEncodings = 0;
			knownRegions = (
				en,
				Base,
			);
			mainGroup = 8332940D2549E26D005AFD45;
			productRefGroup = 8332941B2549E26E005AFD45 /* Products */;
			projectDirPath = "";
			projectRoot = "";
			targets = (
				833294192549E26E005AFD45 /* GitDisRepo (iOS) */,
				833294212549E26E005AFD45 /* GitDisRepo (macOS) */,
			);
		};
/* End PBXProject section */

/* Begin PBXResourcesBuildPhase section */
		833294182549E26E005AFD45 /* Resources */ = {
			isa = PBXResourcesBuildPhase;
			buildActionMask = 2147483647;
			files = (
				8332942A2549E26E005AFD45 /* Assets.xcassets in Resources */,
			);
			runOnlyForDeploymentPostprocessing = 0;
		};
		833294202549E26E005AFD45 /* Resources */ = {
			isa = PBXResourcesBuildPhase;
			buildActionMask = 2147483647;
			files = (
				8332942B2549E26E005AFD45 /* Assets.xcassets in Resources */,
			);
			runOnlyForDeploymentPostprocessing = 0;
		};
/* End PBXResourcesBuildPhase section */

/* Begin PBXSourcesBuildPhase section */
		833294162549E26E005AFD45 /* Sources */ = {
			isa = PBXSourcesBuildPhase;
			buildActionMask = 2147483647;
			files = (
				833294282549E26E005AFD45 /* ContentView.swift in Sources */,
				833294262549E26E005AFD45 /* GitDisRepoApp.swift in Sources */,
			);
			runOnlyForDeploymentPostprocessing = 0;
		};
		8332941E2549E26E005AFD45 /* Sources */ = {
			isa = PBXSourcesBuildPhase;
			buildActionMask = 2147483647;
			files = (
				833294292549E26E005AFD45 /* ContentView.swift in Sources */,
				833294272549E26E005AFD45 /* GitDisRepoApp.swift in Sources */,
			);
			runOnlyForDeploymentPostprocessing = 0;
		};
/* End PBXSourcesBuildPhase section */

/* Begin XCBuildConfiguration section */
		8332942C2549E26E005AFD45 /* Debug */ = {
			isa = XCBuildConfiguration;
			buildSettings = {
				ALWAYS_SEARCH_USER_PATHS = NO;
				CLANG_ANALYZER_NONNULL = YES;
				CLANG_ANALYZER_NUMBER_OBJECT_CONVERSION = YES_AGGRESSIVE;
				CLANG_CXX_LANGUAGE_STANDARD = "gnu++14";
				CLANG_CXX_LIBRARY = "libc++";
				CLANG_ENABLE_MODULES = YES;
				CLANG_ENABLE_OBJC_ARC = YES;
				CLANG_ENABLE_OBJC_WEAK = YES;
				CLANG_WARN_BLOCK_CAPTURE_AUTORELEASING = YES;
				CLANG_WARN_BOOL_CONVERSION = YES;
				CLANG_WARN_COMMA = YES;
				CLANG_WARN_CONSTANT_CONVERSION = YES;
				CLANG_WARN_DEPRECATED_OBJC_IMPLEMENTATIONS = YES;
				CLANG_WARN_DIRECT_OBJC_ISA_USAGE = YES_ERROR;
				CLANG_WARN_DOCUMENTATION_COMMENTS = YES;
				CLANG_WARN_EMPTY_BODY = YES;
				CLANG_WARN_ENUM_CONVERSION = YES;
				CLANG_WARN_INFINITE_RECURSION = YES;
				CLANG_WARN_INT_CONVERSION = YES;
				CLANG_WARN_NON_LITERAL_NULL_CONVERSION = YES;
				CLANG_WARN_OBJC_IMPLICIT_RETAIN_SELF = YES;
				CLANG_WARN_OBJC_LITERAL_CONVERSION = YES;
				CLANG_WARN_OBJC_ROOT_CLASS = YES_ERROR;
				CLANG_WARN_QUOTED_INCLUDE_IN_FRAMEWORK_HEADER = YES;
				CLANG_WARN_RANGE_LOOP_ANALYSIS = YES;
				CLANG_WARN_STRICT_PROTOTYPES = YES;
				CLANG_WARN_SUSPICIOUS_MOVE = YES;
				CLANG_WARN_UNGUARDED_AVAILABILITY = YES_AGGRESSIVE;
				CLANG_WARN_UNREACHABLE_CODE = YES;
				CLANG_WARN__DUPLICATE_METHOD_MATCH = YES;
				COPY_PHASE_STRIP = NO;
				DEBUG_INFORMATION_FORMAT = dwarf;
				ENABLE_STRICT_OBJC_MSGSEND = YES;
				ENABLE_TESTABILITY = YES;
				GCC_C_LANGUAGE_STANDARD = gnu11;
				GCC_DYNAMIC_NO_PIC = NO;
				GCC_NO_COMMON_BLOCKS = YES;
				GCC_OPTIMIZATION_LEVEL = 0;
				GCC_PREPROCESSOR_DEFINITIONS = (
					"DEBUG=1",
					"$(inherited)",
				);
				GCC_WARN_64_TO_32_BIT_CONVERSION = YES;
				GCC_WARN_ABOUT_RETURN_TYPE = YES_ERROR;
				GCC_WARN_UNDECLARED_SELECTOR = YES;
				GCC_WARN_UNINITIALIZED_AUTOS = YES_AGGRESSIVE;
				GCC_WARN_UNUSED_FUNCTION = YES;
				GCC_WARN_UNUSED_VARIABLE = YES;
				MTL_ENABLE_DEBUG_INFO = INCLUDE_SOURCE;
				MTL_FAST_MATH = YES;
				ONLY_ACTIVE_ARCH = YES;
				SWIFT_ACTIVE_COMPILATION_CONDITIONS = DEBUG;
				SWIFT_OPTIMIZATION_LEVEL = "-Onone";
			};
			name = Debug;
		};
		8332942D2549E26E005AFD45 /* Release */ = {
			isa = XCBuildConfiguration;
			buildSettings = {
				ALWAYS_SEARCH_USER_PATHS = NO;
				CLANG_ANALYZER_NONNULL = YES;
				CLANG_ANALYZER_NUMBER_OBJECT_CONVERSION = YES_AGGRESSIVE;
				CLANG_CXX_LANGUAGE_STANDARD = "gnu++14";
				CLANG_CXX_LIBRARY = "libc++";
				CLANG_ENABLE_MODULES = YES;
				CLANG_ENABLE_OBJC_ARC = YES;
				CLANG_ENABLE_OBJC_WEAK = YES;
				CLANG_WARN_BLOCK_CAPTURE_AUTORELEASING = YES;
				CLANG_WARN_BOOL_CONVERSION = YES;
				CLANG_WARN_COMMA = YES;
				CLANG_WARN_CONSTANT_CONVERSION = YES;
				CLANG_WARN_DEPRECATED_OBJC_IMPLEMENTATIONS = YES;
				CLANG_WARN_DIRECT_OBJC_ISA_USAGE = YES_ERROR;
				CLANG_WARN_DOCUMENTATION_COMMENTS = YES;
				CLANG_WARN_EMPTY_BODY = YES;
				CLANG_WARN_ENUM_CONVERSION = YES;
				CLANG_WARN_INFINITE_RECURSION = YES;
				CLANG_WARN_INT_CONVERSION = YES;
				CLANG_WARN_NON_LITERAL_NULL_CONVERSION = YES;
				CLANG_WARN_OBJC_IMPLICIT_RETAIN_SELF = YES;
				CLANG_WARN_OBJC_LITERAL_CONVERSION = YES;
				CLANG_WARN_OBJC_ROOT_CLASS = YES_ERROR;
				CLANG_WARN_QUOTED_INCLUDE_IN_FRAMEWORK_HEADER = YES;
				CLANG_WARN_RANGE_LOOP_ANALYSIS = YES;
				CLANG_WARN_STRICT_PROTOTYPES = YES;
				CLANG_WARN_SUSPICIOUS_MOVE = YES;
				CLANG_WARN_UNGUARDED_AVAILABILITY = YES_AGGRESSIVE;
				CLANG_WARN_UNREACHABLE_CODE = YES;
				CLANG_WARN__DUPLICATE_METHOD_MATCH = YES;
				COPY_PHASE_STRIP = NO;
				DEBUG_INFORMATION_FORMAT = "dwarf-with-dsym";
				ENABLE_NS_ASSERTIONS = NO;
				ENABLE_STRICT_OBJC_MSGSEND = YES;
				GCC_C_LANGUAGE_STANDARD = gnu11;
				GCC_NO_COMMON_BLOCKS = YES;
				GCC_WARN_64_TO_32_BIT_CONVERSION = YES;
				GCC_WARN_ABOUT_RETURN_TYPE = YES_ERROR;
				GCC_WARN_UNDECLARED_SELECTOR = YES;
				GCC_WARN_UNINITIALIZED_AUTOS = YES_AGGRESSIVE;
				GCC_WARN_UNUSED_FUNCTION = YES;
				GCC_WARN_UNUSED_VARIABLE = YES;
				MTL_ENABLE_DEBUG_INFO = NO;
				MTL_FAST_MATH = YES;
				SWIFT_COMPILATION_MODE = wholemodule;
				SWIFT_OPTIMIZATION_LEVEL = "-O";
			};
			name = Release;
		};
		8332942F2549E26E005AFD45 /* Debug */ = {
			isa = XCBuildConfiguration;
			buildSettings = {
				ASSETCATALOG_COMPILER_APPICON_NAME = AppIcon;
				ASSETCATALOG_COMPILER_GLOBAL_ACCENT_COLOR_NAME = AccentColor;
				CODE_SIGN_STYLE = Automatic;
				DEVELOPMENT_TEAM = 2FQZ8TQN3J;
				ENABLE_PREVIEWS = YES;
				INFOPLIST_FILE = iOS/Info.plist;
				IPHONEOS_DEPLOYMENT_TARGET = 14.0;
				LD_RUNPATH_SEARCH_PATHS = (
					"$(inherited)",
					"@executable_path/Frameworks",
				);
				PRODUCT_BUNDLE_IDENTIFIER = com.Mimikmeapps.GitDisRepo;
				PRODUCT_NAME = GitDisRepo;
				SDKROOT = iphoneos;
				SWIFT_VERSION = 5.0;
				TARGETED_DEVICE_FAMILY = "1,2";
			};
			name = Debug;
		};
		833294302549E26E005AFD45 /* Release */ = {
			isa = XCBuildConfiguration;
			buildSettings = {
				ASSETCATALOG_COMPILER_APPICON_NAME = AppIcon;
				ASSETCATALOG_COMPILER_GLOBAL_ACCENT_COLOR_NAME = AccentColor;
				CODE_SIGN_STYLE = Automatic;
				DEVELOPMENT_TEAM = 2FQZ8TQN3J;
				ENABLE_PREVIEWS = YES;
				INFOPLIST_FILE = iOS/Info.plist;
				IPHONEOS_DEPLOYMENT_TARGET = 14.0;
				LD_RUNPATH_SEARCH_PATHS = (
					"$(inherited)",
					"@executable_path/Frameworks",
				);
				PRODUCT_BUNDLE_IDENTIFIER = com.Mimikmeapps.GitDisRepo;
				PRODUCT_NAME = GitDisRepo;
				SDKROOT = iphoneos;
				SWIFT_VERSION = 5.0;
				TARGETED_DEVICE_FAMILY = "1,2";
				VALIDATE_PRODUCT = YES;
			};
			name = Release;
		};
		833294322549E26E005AFD45 /* Debug */ = {
			isa = XCBuildConfiguration;
			buildSettings = {
				ASSETCATALOG_COMPILER_APPICON_NAME = AppIcon;
				ASSETCATALOG_COMPILER_GLOBAL_ACCENT_COLOR_NAME = AccentColor;
				CODE_SIGN_ENTITLEMENTS = macOS/macOS.entitlements;
				CODE_SIGN_STYLE = Automatic;
				COMBINE_HIDPI_IMAGES = YES;
				DEVELOPMENT_TEAM = 2FQZ8TQN3J;
				ENABLE_HARDENED_RUNTIME = YES;
				ENABLE_PREVIEWS = YES;
				INFOPLIST_FILE = macOS/Info.plist;
				LD_RUNPATH_SEARCH_PATHS = (
					"$(inherited)",
					"@executable_path/../Frameworks",
				);
				MACOSX_DEPLOYMENT_TARGET = 11.0;
				PRODUCT_BUNDLE_IDENTIFIER = com.Mimikmeapps.GitDisRepo;
				PRODUCT_NAME = GitDisRepo;
				SDKROOT = macosx;
				SWIFT_VERSION = 5.0;
			};
			name = Debug;
		};
		833294332549E26E005AFD45 /* Release */ = {
			isa = XCBuildConfiguration;
			buildSettings = {
				ASSETCATALOG_COMPILER_APPICON_NAME = AppIcon;
				ASSETCATALOG_COMPILER_GLOBAL_ACCENT_COLOR_NAME = AccentColor;
				CODE_SIGN_ENTITLEMENTS = macOS/macOS.entitlements;
				CODE_SIGN_STYLE = Automatic;
				COMBINE_HIDPI_IMAGES = YES;
				DEVELOPMENT_TEAM = 2FQZ8TQN3J;
				ENABLE_HARDENED_RUNTIME = YES;
				ENABLE_PREVIEWS = YES;
				INFOPLIST_FILE = macOS/Info.plist;
				LD_RUNPATH_SEARCH_PATHS = (
					"$(inherited)",
					"@executable_path/../Frameworks",
				);
				MACOSX_DEPLOYMENT_TARGET = 11.0;
				PRODUCT_BUNDLE_IDENTIFIER = com.Mimikmeapps.GitDisRepo;
				PRODUCT_NAME = GitDisRepo;
				SDKROOT = macosx;
				SWIFT_VERSION = 5.0;
			};
			name = Release;
		};
/* End XCBuildConfiguration section */

/* Begin XCConfigurationList section */
		833294112549E26D005AFD45 /* Build configuration list for PBXProject "GitDisRepo" */ = {
			isa = XCConfigurationList;
			buildConfigurations = (
				8332942C2549E26E005AFD45 /* Debug */,
				8332942D2549E26E005AFD45 /* Release */,
			);
			defaultConfigurationIsVisible = 0;
			defaultConfigurationName = Release;
		};
		8332942E2549E26E005AFD45 /* Build configuration list for PBXNativeTarget "GitDisRepo (iOS)" */ = {
			isa = XCConfigurationList;
			buildConfigurations = (
				8332942F2549E26E005AFD45 /* Debug */,
				833294302549E26E005AFD45 /* Release */,
			);
			defaultConfigurationIsVisible = 0;
			defaultConfigurationName = Release;
		};
		833294312549E26E005AFD45 /* Build configuration list for PBXNativeTarget "GitDisRepo (macOS)" */ = {
			isa = XCConfigurationList;
			buildConfigurations = (
				833294322549E26E005AFD45 /* Debug */,
				833294332549E26E005AFD45 /* Release */,
			);
			defaultConfigurationIsVisible = 0;
			defaultConfigurationName = Release;
		};
/* End XCConfigurationList section */
	};
	rootObject = 8332940E2549E26D005AFD45 /* Project object */;
}
